{
  "nodes": {
    "nixpkgs": {
      "locked": {
        "lastModified": 1652368125,
        "narHash": "sha256-AaNNYTSxN+f85oBN2tnz8SNWiTmFo35jddTHXQjNDgM=",
        "owner": "NixOS",
        "repo": "nixpkgs",
        "rev": "f73cc9cbd82a7a8ce626bbaf02a55c1cfb34d6e5",
        "type": "github"
      },
      "original": {
        "owner": "NixOS",
        "repo": "nixpkgs",
        "type": "github"
      }
    },
    "root": {
      "inputs": {
        "nixpkgs": "nixpkgs"
      }
    }
  },
  "root": "root",
  "version": 7
}
