{
  "nodes": {
    "nixpkgs": {
      "locked": {
        "lastModified": 1720893482,
        "narHash": "sha256-fGQczQ3JuvqSK3rYsJvvbE7j8BENLp8DqJH1B0uXYKg=",
        "owner": "NixOS",
        "repo": "nixpkgs",
        "rev": "94c843e8f05bac70e905c48c965ba7be79bde613",
        "type": "github"
      },
      "original": {
        "owner": "NixOS",
        "repo": "nixpkgs",
        "type": "github"
      }
    },
    "root": {
      "inputs": {
        "nixpkgs": "nixpkgs"
      }
    }
  },
  "root": "root",
  "version": 7
}
