{
  "nodes": {
    "nixpkgs": {
      "locked": {
        "lastModified": 1687523113,
        "narHash": "sha256-dQhdLPyLanyyNbzE9BmV/+792IEkPGrEOi/RC2GRLXs=",
        "owner": "NixOS",
        "repo": "nixpkgs",
        "rev": "2c59f96089a1a4c5c8aaee1e9095f662204a753c",
        "type": "github"
      },
      "original": {
        "owner": "NixOS",
        "repo": "nixpkgs",
        "type": "github"
      }
    },
    "root": {
      "inputs": {
        "nixpkgs": "nixpkgs"
      }
    }
  },
  "root": "root",
  "version": 7
}
